
Microsoft Visual Studio Solution File, Format Version 12.00
# Visual Studio Version 16
VisualStudioVersion = 16.0.29519.87
MinimumVisualStudioVersion = 10.0.40219.1
Project("{FAE04EC0-301F-11D3-BF4B-00C04F79EFBC}") = "WinFormsApp", "WinFormsApp.csproj", "{54583B14-EC83-4DF1-9001-F0C1E6296A0D}"
EndProject
Global
	GlobalSection(SolutionConfigurationPlatforms) = preSolution
		Debug|Any CPU = Debug|Any CPU
		Release|Any CPU = Release|Any CPU
	EndGlobalSection
	GlobalSection(ProjectConfigurationPlatforms) = postSolution
		{54583B14-EC83-4DF1-9001-F0C1E6296A0D}.Debug|Any CPU.ActiveCfg = Debug|Any CPU
		{54583B14-EC83-4DF1-9001-F0C1E6296A0D}.Debug|Any CPU.Build.0 = Debug|Any CPU
		{54583B14-EC83-4DF1-9001-F0C1E6296A0D}.Release|Any CPU.ActiveCfg = Release|Any CPU
		{54583B14-EC83-4DF1-9001-F0C1E6296A0D}.Release|Any CPU.Build.0 = Release|Any CPU
	EndGlobalSection
	GlobalSection(SolutionProperties) = preSolution
		HideSolutionNode = FALSE
	EndGlobalSection
	GlobalSection(ExtensibilityGlobals) = postSolution
		SolutionGuid = {8C1E720A-56F7-446E-9EAA-F880A61B76A1}
	EndGlobalSection
EndGlobal
